
Microsoft Visual Studio Solution File, Format Version 12.00
# Visual Studio Version 17
VisualStudioVersion = 17.5.33414.496
MinimumVisualStudioVersion = 10.0.40219.1
Project("{9A19103F-16F7-4668-BE54-9A1E7A4F7556}") = "MassEmail.Net.Publisher", "MassEmail.Net\MassEmail.Net.Publisher.csproj", "{1212A36A-4D52-4575-8688-1DA93EC856F5}"
EndProject
Project("{9A19103F-16F7-4668-BE54-9A1E7A4F7556}") = "MassEmail.Net.Samples.Console", "MassEmail.Net.Samples.Console\MassEmail.Net.Samples.Console.csproj", "{192A139F-7416-4E6C-8875-D9273F042708}"
EndProject
Project("{FAE04EC0-301F-11D3-BF4B-00C04F79EFBC}") = "MassEmail.Net.Consumer", "MassEmail.Net.Consumer\MassEmail.Net.Consumer.csproj", "{4F69217F-AF74-4740-9D6A-C40A47CA7F63}"
EndProject
Global
	GlobalSection(SolutionConfigurationPlatforms) = preSolution
		Debug|Any CPU = Debug|Any CPU
		Release|Any CPU = Release|Any CPU
	EndGlobalSection
	GlobalSection(ProjectConfigurationPlatforms) = postSolution
		{1212A36A-4D52-4575-8688-1DA93EC856F5}.Debug|Any CPU.ActiveCfg = Debug|Any CPU
		{1212A36A-4D52-4575-8688-1DA93EC856F5}.Debug|Any CPU.Build.0 = Debug|Any CPU
		{1212A36A-4D52-4575-8688-1DA93EC856F5}.Release|Any CPU.ActiveCfg = Release|Any CPU
		{1212A36A-4D52-4575-8688-1DA93EC856F5}.Release|Any CPU.Build.0 = Release|Any CPU
		{192A139F-7416-4E6C-8875-D9273F042708}.Debug|Any CPU.ActiveCfg = Debug|Any CPU
		{192A139F-7416-4E6C-8875-D9273F042708}.Debug|Any CPU.Build.0 = Debug|Any CPU
		{192A139F-7416-4E6C-8875-D9273F042708}.Release|Any CPU.ActiveCfg = Release|Any CPU
		{192A139F-7416-4E6C-8875-D9273F042708}.Release|Any CPU.Build.0 = Release|Any CPU
		{4F69217F-AF74-4740-9D6A-C40A47CA7F63}.Debug|Any CPU.ActiveCfg = Debug|Any CPU
		{4F69217F-AF74-4740-9D6A-C40A47CA7F63}.Debug|Any CPU.Build.0 = Debug|Any CPU
		{4F69217F-AF74-4740-9D6A-C40A47CA7F63}.Release|Any CPU.ActiveCfg = Release|Any CPU
		{4F69217F-AF74-4740-9D6A-C40A47CA7F63}.Release|Any CPU.Build.0 = Release|Any CPU
	EndGlobalSection
	GlobalSection(SolutionProperties) = preSolution
		HideSolutionNode = FALSE
	EndGlobalSection
	GlobalSection(ExtensibilityGlobals) = postSolution
		SolutionGuid = {7C7B830B-189D-4051-B497-824F2311724C}
	EndGlobalSection
EndGlobal
